
Microsoft Visual Studio Solution File, Format Version 12.00
# Visual Studio 15
VisualStudioVersion = 15.0.28307.705
MinimumVisualStudioVersion = 10.0.40219.1
Project("{FAE04EC0-301F-11D3-BF4B-00C04F79EFBC}") = "Mycity", "My-city\Mycity.csproj", "{DBB74E00-1A47-472E-8173-8C0C36C81BF5}"
EndProject
Global
	GlobalSection(SolutionConfigurationPlatforms) = preSolution
		Debug|Any CPU = Debug|Any CPU
		Release|Any CPU = Release|Any CPU
	EndGlobalSection
	GlobalSection(ProjectConfigurationPlatforms) = postSolution
		{DBB74E00-1A47-472E-8173-8C0C36C81BF5}.Debug|Any CPU.ActiveCfg = Debug|Any CPU
		{DBB74E00-1A47-472E-8173-8C0C36C81BF5}.Debug|Any CPU.Build.0 = Debug|Any CPU
		{DBB74E00-1A47-472E-8173-8C0C36C81BF5}.Release|Any CPU.ActiveCfg = Release|Any CPU
		{DBB74E00-1A47-472E-8173-8C0C36C81BF5}.Release|Any CPU.Build.0 = Release|Any CPU
	EndGlobalSection
	GlobalSection(SolutionProperties) = preSolution
		HideSolutionNode = FALSE
	EndGlobalSection
	GlobalSection(ExtensibilityGlobals) = postSolution
		SolutionGuid = {DFE69DB8-1ACF-4BBF-8230-6B1F9CA760B1}
	EndGlobalSection
EndGlobal
